// !$*UTF8*$!
{
	archiveVersion = 1;
	classes = {
	};
	objectVersion = 56;
	objects = {

/* Begin PBXBuildFile section */
		C40A610B29B02B0900EF55C9 /* NetworkService.swift in Sources */ = {isa = PBXBuildFile; fileRef = C40A610A29B02B0900EF55C9 /* NetworkService.swift */; };
		C40A610D29B03DC000EF55C9 /* WeatherInfoError.swift in Sources */ = {isa = PBXBuildFile; fileRef = C40A610C29B03DC000EF55C9 /* WeatherInfoError.swift */; };
		C40A611529B2C9FB00EF55C9 /* WeatherInfoViewModel.swift in Sources */ = {isa = PBXBuildFile; fileRef = C40A611429B2C9FB00EF55C9 /* WeatherInfoViewModel.swift */; };
		C40A611829B2E24F00EF55C9 /* Constants.swift in Sources */ = {isa = PBXBuildFile; fileRef = C40A611729B2E24F00EF55C9 /* Constants.swift */; };
		C40A611A29B2F02F00EF55C9 /* TemperatureUnitType.swift in Sources */ = {isa = PBXBuildFile; fileRef = C40A611929B2F02F00EF55C9 /* TemperatureUnitType.swift */; };
		C40A611C29B40D9F00EF55C9 /* Weather.swift in Sources */ = {isa = PBXBuildFile; fileRef = C40A611B29B40D9F00EF55C9 /* Weather.swift */; };
		C4E88B9A29AAE30D004AE423 /* AppDelegate.swift in Sources */ = {isa = PBXBuildFile; fileRef = C4E88B9929AAE30D004AE423 /* AppDelegate.swift */; };
		C4E88B9C29AAE30D004AE423 /* SceneDelegate.swift in Sources */ = {isa = PBXBuildFile; fileRef = C4E88B9B29AAE30D004AE423 /* SceneDelegate.swift */; };
		C4E88B9E29AAE30D004AE423 /* WeatherInfoViewController.swift in Sources */ = {isa = PBXBuildFile; fileRef = C4E88B9D29AAE30D004AE423 /* WeatherInfoViewController.swift */; };
		C4E88BA129AAE30D004AE423 /* Main.storyboard in Resources */ = {isa = PBXBuildFile; fileRef = C4E88B9F29AAE30D004AE423 /* Main.storyboard */; };
		C4E88BA329AAE30F004AE423 /* Assets.xcassets in Resources */ = {isa = PBXBuildFile; fileRef = C4E88BA229AAE30F004AE423 /* Assets.xcassets */; };
		C4E88BA629AAE30F004AE423 /* LaunchScreen.storyboard in Resources */ = {isa = PBXBuildFile; fileRef = C4E88BA429AAE30F004AE423 /* LaunchScreen.storyboard */; };
		C4E88BB129AAE310004AE423 /* weatherAppTests.swift in Sources */ = {isa = PBXBuildFile; fileRef = C4E88BB029AAE310004AE423 /* weatherAppTests.swift */; };
		C4E88BBB29AAE310004AE423 /* weatherAppUITests.swift in Sources */ = {isa = PBXBuildFile; fileRef = C4E88BBA29AAE310004AE423 /* weatherAppUITests.swift */; };
		C4E88BBD29AAE310004AE423 /* weatherAppUITestsLaunchTests.swift in Sources */ = {isa = PBXBuildFile; fileRef = C4E88BBC29AAE310004AE423 /* weatherAppUITestsLaunchTests.swift */; };
		C4E88BCB29AC4955004AE423 /* WeatherInfo.swift in Sources */ = {isa = PBXBuildFile; fileRef = C4E88BCA29AC4955004AE423 /* WeatherInfo.swift */; };
		C4E88BCD29AC4B71004AE423 /* WeatherInfoMain.swift in Sources */ = {isa = PBXBuildFile; fileRef = C4E88BCC29AC4B71004AE423 /* WeatherInfoMain.swift */; };
/* End PBXBuildFile section */

/* Begin PBXContainerItemProxy section */
		C4E88BAD29AAE310004AE423 /* PBXContainerItemProxy */ = {
			isa = PBXContainerItemProxy;
			containerPortal = C4E88B8E29AAE30D004AE423 /* Project object */;
			proxyType = 1;
			remoteGlobalIDString = C4E88B9529AAE30D004AE423;
			remoteInfo = weatherApp;
		};
		C4E88BB729AAE310004AE423 /* PBXContainerItemProxy */ = {
			isa = PBXContainerItemProxy;
			containerPortal = C4E88B8E29AAE30D004AE423 /* Project object */;
			proxyType = 1;
			remoteGlobalIDString = C4E88B9529AAE30D004AE423;
			remoteInfo = weatherApp;
		};
/* End PBXContainerItemProxy section */

/* Begin PBXFileReference section */
		C40A610A29B02B0900EF55C9 /* NetworkService.swift */ = {isa = PBXFileReference; lastKnownFileType = sourcecode.swift; path = NetworkService.swift; sourceTree = "<group>"; };
		C40A610C29B03DC000EF55C9 /* WeatherInfoError.swift */ = {isa = PBXFileReference; lastKnownFileType = sourcecode.swift; path = WeatherInfoError.swift; sourceTree = "<group>"; };
		C40A611429B2C9FB00EF55C9 /* WeatherInfoViewModel.swift */ = {isa = PBXFileReference; lastKnownFileType = sourcecode.swift; path = WeatherInfoViewModel.swift; sourceTree = "<group>"; };
		C40A611729B2E24F00EF55C9 /* Constants.swift */ = {isa = PBXFileReference; lastKnownFileType = sourcecode.swift; path = Constants.swift; sourceTree = "<group>"; };
		C40A611929B2F02F00EF55C9 /* TemperatureUnitType.swift */ = {isa = PBXFileReference; lastKnownFileType = sourcecode.swift; path = TemperatureUnitType.swift; sourceTree = "<group>"; };
		C40A611B29B40D9F00EF55C9 /* Weather.swift */ = {isa = PBXFileReference; lastKnownFileType = sourcecode.swift; path = Weather.swift; sourceTree = "<group>"; };
		C4E88B9629AAE30D004AE423 /* weatherApp.app */ = {isa = PBXFileReference; explicitFileType = wrapper.application; includeInIndex = 0; path = weatherApp.app; sourceTree = BUILT_PRODUCTS_DIR; };
		C4E88B9929AAE30D004AE423 /* AppDelegate.swift */ = {isa = PBXFileReference; lastKnownFileType = sourcecode.swift; path = AppDelegate.swift; sourceTree = "<group>"; };
		C4E88B9B29AAE30D004AE423 /* SceneDelegate.swift */ = {isa = PBXFileReference; lastKnownFileType = sourcecode.swift; path = SceneDelegate.swift; sourceTree = "<group>"; };
		C4E88B9D29AAE30D004AE423 /* WeatherInfoViewController.swift */ = {isa = PBXFileReference; lastKnownFileType = sourcecode.swift; path = WeatherInfoViewController.swift; sourceTree = "<group>"; };
		C4E88BA029AAE30D004AE423 /* Base */ = {isa = PBXFileReference; lastKnownFileType = file.storyboard; name = Base; path = Base.lproj/Main.storyboard; sourceTree = "<group>"; };
		C4E88BA229AAE30F004AE423 /* Assets.xcassets */ = {isa = PBXFileReference; lastKnownFileType = folder.assetcatalog; path = Assets.xcassets; sourceTree = "<group>"; };
		C4E88BA529AAE30F004AE423 /* Base */ = {isa = PBXFileReference; lastKnownFileType = file.storyboard; name = Base; path = Base.lproj/LaunchScreen.storyboard; sourceTree = "<group>"; };
		C4E88BA729AAE30F004AE423 /* Info.plist */ = {isa = PBXFileReference; lastKnownFileType = text.plist.xml; path = Info.plist; sourceTree = "<group>"; };
		C4E88BAC29AAE310004AE423 /* weatherAppTests.xctest */ = {isa = PBXFileReference; explicitFileType = wrapper.cfbundle; includeInIndex = 0; path = weatherAppTests.xctest; sourceTree = BUILT_PRODUCTS_DIR; };
		C4E88BB029AAE310004AE423 /* weatherAppTests.swift */ = {isa = PBXFileReference; lastKnownFileType = sourcecode.swift; path = weatherAppTests.swift; sourceTree = "<group>"; };
		C4E88BB629AAE310004AE423 /* weatherAppUITests.xctest */ = {isa = PBXFileReference; explicitFileType = wrapper.cfbundle; includeInIndex = 0; path = weatherAppUITests.xctest; sourceTree = BUILT_PRODUCTS_DIR; };
		C4E88BBA29AAE310004AE423 /* weatherAppUITests.swift */ = {isa = PBXFileReference; lastKnownFileType = sourcecode.swift; path = weatherAppUITests.swift; sourceTree = "<group>"; };
		C4E88BBC29AAE310004AE423 /* weatherAppUITestsLaunchTests.swift */ = {isa = PBXFileReference; lastKnownFileType = sourcecode.swift; path = weatherAppUITestsLaunchTests.swift; sourceTree = "<group>"; };
		C4E88BCA29AC4955004AE423 /* WeatherInfo.swift */ = {isa = PBXFileReference; lastKnownFileType = sourcecode.swift; path = WeatherInfo.swift; sourceTree = "<group>"; };
		C4E88BCC29AC4B71004AE423 /* WeatherInfoMain.swift */ = {isa = PBXFileReference; lastKnownFileType = sourcecode.swift; path = WeatherInfoMain.swift; sourceTree = "<group>"; };
/* End PBXFileReference section */

/* Begin PBXFrameworksBuildPhase section */
		C4E88B9329AAE30D004AE423 /* Frameworks */ = {
			isa = PBXFrameworksBuildPhase;
			buildActionMask = 2147483647;
			files = (
			);
			runOnlyForDeploymentPostprocessing = 0;
		};
		C4E88BA929AAE310004AE423 /* Frameworks */ = {
			isa = PBXFrameworksBuildPhase;
			buildActionMask = 2147483647;
			files = (
			);
			runOnlyForDeploymentPostprocessing = 0;
		};
		C4E88BB329AAE310004AE423 /* Frameworks */ = {
			isa = PBXFrameworksBuildPhase;
			buildActionMask = 2147483647;
			files = (
			);
			runOnlyForDeploymentPostprocessing = 0;
		};
/* End PBXFrameworksBuildPhase section */

/* Begin PBXGroup section */
		C40A610929B02AE500EF55C9 /* Network */ = {
			isa = PBXGroup;
			children = (
				C40A610A29B02B0900EF55C9 /* NetworkService.swift */,
			);
			path = Network;
			sourceTree = "<group>";
		};
		C40A610E29B0401000EF55C9 /* ViewModels */ = {
			isa = PBXGroup;
			children = (
				C40A611429B2C9FB00EF55C9 /* WeatherInfoViewModel.swift */,
			);
			path = ViewModels;
			sourceTree = "<group>";
		};
		C40A610F29B0401C00EF55C9 /* Views */ = {
			isa = PBXGroup;
			children = (
				C4E88B9D29AAE30D004AE423 /* WeatherInfoViewController.swift */,
			);
			path = Views;
			sourceTree = "<group>";
		};
		C40A611629B2E23500EF55C9 /* Utilities */ = {
			isa = PBXGroup;
			children = (
				C40A611729B2E24F00EF55C9 /* Constants.swift */,
			);
			path = Utilities;
			sourceTree = "<group>";
		};
		C4E88B8D29AAE30D004AE423 = {
			isa = PBXGroup;
			children = (
				C4E88B9829AAE30D004AE423 /* weatherApp */,
				C4E88BAF29AAE310004AE423 /* weatherAppTests */,
				C4E88BB929AAE310004AE423 /* weatherAppUITests */,
				C4E88B9729AAE30D004AE423 /* Products */,
			);
			sourceTree = "<group>";
		};
		C4E88B9729AAE30D004AE423 /* Products */ = {
			isa = PBXGroup;
			children = (
				C4E88B9629AAE30D004AE423 /* weatherApp.app */,
				C4E88BAC29AAE310004AE423 /* weatherAppTests.xctest */,
				C4E88BB629AAE310004AE423 /* weatherAppUITests.xctest */,
			);
			name = Products;
			sourceTree = "<group>";
		};
		C4E88B9829AAE30D004AE423 /* weatherApp */ = {
			isa = PBXGroup;
			children = (
				C40A611629B2E23500EF55C9 /* Utilities */,
				C4E88BC929AC492D004AE423 /* Models */,
				C40A610F29B0401C00EF55C9 /* Views */,
				C40A610E29B0401000EF55C9 /* ViewModels */,
				C40A610929B02AE500EF55C9 /* Network */,
				C4E88B9929AAE30D004AE423 /* AppDelegate.swift */,
				C4E88B9B29AAE30D004AE423 /* SceneDelegate.swift */,
				C4E88B9F29AAE30D004AE423 /* Main.storyboard */,
				C4E88BA229AAE30F004AE423 /* Assets.xcassets */,
				C4E88BA429AAE30F004AE423 /* LaunchScreen.storyboard */,
				C4E88BA729AAE30F004AE423 /* Info.plist */,
			);
			path = weatherApp;
			sourceTree = "<group>";
		};
		C4E88BAF29AAE310004AE423 /* weatherAppTests */ = {
			isa = PBXGroup;
			children = (
				C4E88BB029AAE310004AE423 /* weatherAppTests.swift */,
			);
			path = weatherAppTests;
			sourceTree = "<group>";
		};
		C4E88BB929AAE310004AE423 /* weatherAppUITests */ = {
			isa = PBXGroup;
			children = (
				C4E88BBA29AAE310004AE423 /* weatherAppUITests.swift */,
				C4E88BBC29AAE310004AE423 /* weatherAppUITestsLaunchTests.swift */,
			);
			path = weatherAppUITests;
			sourceTree = "<group>";
		};
		C4E88BC929AC492D004AE423 /* Models */ = {
			isa = PBXGroup;
			children = (
				C4E88BCA29AC4955004AE423 /* WeatherInfo.swift */,
				C4E88BCC29AC4B71004AE423 /* WeatherInfoMain.swift */,
				C40A610C29B03DC000EF55C9 /* WeatherInfoError.swift */,
				C40A611929B2F02F00EF55C9 /* TemperatureUnitType.swift */,
				C40A611B29B40D9F00EF55C9 /* Weather.swift */,
			);
			path = Models;
			sourceTree = "<group>";
		};
/* End PBXGroup section */

/* Begin PBXNativeTarget section */
		C4E88B9529AAE30D004AE423 /* weatherApp */ = {
			isa = PBXNativeTarget;
			buildConfigurationList = C4E88BC029AAE310004AE423 /* Build configuration list for PBXNativeTarget "weatherApp" */;
			buildPhases = (
				C4E88B9229AAE30D004AE423 /* Sources */,
				C4E88B9329AAE30D004AE423 /* Frameworks */,
				C4E88B9429AAE30D004AE423 /* Resources */,
			);
			buildRules = (
			);
			dependencies = (
			);
			name = weatherApp;
			productName = weatherApp;
			productReference = C4E88B9629AAE30D004AE423 /* weatherApp.app */;
			productType = "com.apple.product-type.application";
		};
		C4E88BAB29AAE310004AE423 /* weatherAppTests */ = {
			isa = PBXNativeTarget;
			buildConfigurationList = C4E88BC329AAE310004AE423 /* Build configuration list for PBXNativeTarget "weatherAppTests" */;
			buildPhases = (
				C4E88BA829AAE310004AE423 /* Sources */,
				C4E88BA929AAE310004AE423 /* Frameworks */,
				C4E88BAA29AAE310004AE423 /* Resources */,
			);
			buildRules = (
			);
			dependencies = (
				C4E88BAE29AAE310004AE423 /* PBXTargetDependency */,
			);
			name = weatherAppTests;
			productName = weatherAppTests;
			productReference = C4E88BAC29AAE310004AE423 /* weatherAppTests.xctest */;
			productType = "com.apple.product-type.bundle.unit-test";
		};
		C4E88BB529AAE310004AE423 /* weatherAppUITests */ = {
			isa = PBXNativeTarget;
			buildConfigurationList = C4E88BC629AAE310004AE423 /* Build configuration list for PBXNativeTarget "weatherAppUITests" */;
			buildPhases = (
				C4E88BB229AAE310004AE423 /* Sources */,
				C4E88BB329AAE310004AE423 /* Frameworks */,
				C4E88BB429AAE310004AE423 /* Resources */,
			);
			buildRules = (
			);
			dependencies = (
				C4E88BB829AAE310004AE423 /* PBXTargetDependency */,
			);
			name = weatherAppUITests;
			productName = weatherAppUITests;
			productReference = C4E88BB629AAE310004AE423 /* weatherAppUITests.xctest */;
			productType = "com.apple.product-type.bundle.ui-testing";
		};
/* End PBXNativeTarget section */

/* Begin PBXProject section */
		C4E88B8E29AAE30D004AE423 /* Project object */ = {
			isa = PBXProject;
			attributes = {
				BuildIndependentTargetsInParallel = 1;
				LastSwiftUpdateCheck = 1410;
				LastUpgradeCheck = 1410;
				TargetAttributes = {
					C4E88B9529AAE30D004AE423 = {
						CreatedOnToolsVersion = 14.1;
					};
					C4E88BAB29AAE310004AE423 = {
						CreatedOnToolsVersion = 14.1;
						TestTargetID = C4E88B9529AAE30D004AE423;
					};
					C4E88BB529AAE310004AE423 = {
						CreatedOnToolsVersion = 14.1;
						TestTargetID = C4E88B9529AAE30D004AE423;
					};
				};
			};
			buildConfigurationList = C4E88B9129AAE30D004AE423 /* Build configuration list for PBXProject "weatherApp" */;
			compatibilityVersion = "Xcode 14.0";
			developmentRegion = en;
			hasScannedForEncodings = 0;
			knownRegions = (
				en,
				Base,
			);
			mainGroup = C4E88B8D29AAE30D004AE423;
			productRefGroup = C4E88B9729AAE30D004AE423 /* Products */;
			projectDirPath = "";
			projectRoot = "";
			targets = (
				C4E88B9529AAE30D004AE423 /* weatherApp */,
				C4E88BAB29AAE310004AE423 /* weatherAppTests */,
				C4E88BB529AAE310004AE423 /* weatherAppUITests */,
			);
		};
/* End PBXProject section */

/* Begin PBXResourcesBuildPhase section */
		C4E88B9429AAE30D004AE423 /* Resources */ = {
			isa = PBXResourcesBuildPhase;
			buildActionMask = 2147483647;
			files = (
				C4E88BA629AAE30F004AE423 /* LaunchScreen.storyboard in Resources */,
				C4E88BA329AAE30F004AE423 /* Assets.xcassets in Resources */,
				C4E88BA129AAE30D004AE423 /* Main.storyboard in Resources */,
			);
			runOnlyForDeploymentPostprocessing = 0;
		};
		C4E88BAA29AAE310004AE423 /* Resources */ = {
			isa = PBXResourcesBuildPhase;
			buildActionMask = 2147483647;
			files = (
			);
			runOnlyForDeploymentPostprocessing = 0;
		};
		C4E88BB429AAE310004AE423 /* Resources */ = {
			isa = PBXResourcesBuildPhase;
			buildActionMask = 2147483647;
			files = (
			);
			runOnlyForDeploymentPostprocessing = 0;
		};
/* End PBXResourcesBuildPhase section */

/* Begin PBXSourcesBuildPhase section */
		C4E88B9229AAE30D004AE423 /* Sources */ = {
			isa = PBXSourcesBuildPhase;
			buildActionMask = 2147483647;
			files = (
				C40A610D29B03DC000EF55C9 /* WeatherInfoError.swift in Sources */,
				C4E88BCD29AC4B71004AE423 /* WeatherInfoMain.swift in Sources */,
				C4E88BCB29AC4955004AE423 /* WeatherInfo.swift in Sources */,
				C40A611C29B40D9F00EF55C9 /* Weather.swift in Sources */,
				C40A611A29B2F02F00EF55C9 /* TemperatureUnitType.swift in Sources */,
				C40A610B29B02B0900EF55C9 /* NetworkService.swift in Sources */,
				C4E88B9E29AAE30D004AE423 /* WeatherInfoViewController.swift in Sources */,
				C40A611529B2C9FB00EF55C9 /* WeatherInfoViewModel.swift in Sources */,
				C4E88B9A29AAE30D004AE423 /* AppDelegate.swift in Sources */,
				C4E88B9C29AAE30D004AE423 /* SceneDelegate.swift in Sources */,
				C40A611829B2E24F00EF55C9 /* Constants.swift in Sources */,
			);
			runOnlyForDeploymentPostprocessing = 0;
		};
		C4E88BA829AAE310004AE423 /* Sources */ = {
			isa = PBXSourcesBuildPhase;
			buildActionMask = 2147483647;
			files = (
				C4E88BB129AAE310004AE423 /* weatherAppTests.swift in Sources */,
			);
			runOnlyForDeploymentPostprocessing = 0;
		};
		C4E88BB229AAE310004AE423 /* Sources */ = {
			isa = PBXSourcesBuildPhase;
			buildActionMask = 2147483647;
			files = (
				C4E88BBB29AAE310004AE423 /* weatherAppUITests.swift in Sources */,
				C4E88BBD29AAE310004AE423 /* weatherAppUITestsLaunchTests.swift in Sources */,
			);
			runOnlyForDeploymentPostprocessing = 0;
		};
/* End PBXSourcesBuildPhase section */

/* Begin PBXTargetDependency section */
		C4E88BAE29AAE310004AE423 /* PBXTargetDependency */ = {
			isa = PBXTargetDependency;
			target = C4E88B9529AAE30D004AE423 /* weatherApp */;
			targetProxy = C4E88BAD29AAE310004AE423 /* PBXContainerItemProxy */;
		};
		C4E88BB829AAE310004AE423 /* PBXTargetDependency */ = {
			isa = PBXTargetDependency;
			target = C4E88B9529AAE30D004AE423 /* weatherApp */;
			targetProxy = C4E88BB729AAE310004AE423 /* PBXContainerItemProxy */;
		};
/* End PBXTargetDependency section */

/* Begin PBXVariantGroup section */
		C4E88B9F29AAE30D004AE423 /* Main.storyboard */ = {
			isa = PBXVariantGroup;
			children = (
				C4E88BA029AAE30D004AE423 /* Base */,
			);
			name = Main.storyboard;
			sourceTree = "<group>";
		};
		C4E88BA429AAE30F004AE423 /* LaunchScreen.storyboard */ = {
			isa = PBXVariantGroup;
			children = (
				C4E88BA529AAE30F004AE423 /* Base */,
			);
			name = LaunchScreen.storyboard;
			sourceTree = "<group>";
		};
/* End PBXVariantGroup section */

/* Begin XCBuildConfiguration section */
		C4E88BBE29AAE310004AE423 /* Debug */ = {
			isa = XCBuildConfiguration;
			buildSettings = {
				ALWAYS_SEARCH_USER_PATHS = NO;
				CLANG_ANALYZER_NONNULL = YES;
				CLANG_ANALYZER_NUMBER_OBJECT_CONVERSION = YES_AGGRESSIVE;
				CLANG_CXX_LANGUAGE_STANDARD = "gnu++20";
				CLANG_ENABLE_MODULES = YES;
				CLANG_ENABLE_OBJC_ARC = YES;
				CLANG_ENABLE_OBJC_WEAK = YES;
				CLANG_WARN_BLOCK_CAPTURE_AUTORELEASING = YES;
				CLANG_WARN_BOOL_CONVERSION = YES;
				CLANG_WARN_COMMA = YES;
				CLANG_WARN_CONSTANT_CONVERSION = YES;
				CLANG_WARN_DEPRECATED_OBJC_IMPLEMENTATIONS = YES;
				CLANG_WARN_DIRECT_OBJC_ISA_USAGE = YES_ERROR;
				CLANG_WARN_DOCUMENTATION_COMMENTS = YES;
				CLANG_WARN_EMPTY_BODY = YES;
				CLANG_WARN_ENUM_CONVERSION = YES;
				CLANG_WARN_INFINITE_RECURSION = YES;
				CLANG_WARN_INT_CONVERSION = YES;
				CLANG_WARN_NON_LITERAL_NULL_CONVERSION = YES;
				CLANG_WARN_OBJC_IMPLICIT_RETAIN_SELF = YES;
				CLANG_WARN_OBJC_LITERAL_CONVERSION = YES;
				CLANG_WARN_OBJC_ROOT_CLASS = YES_ERROR;
				CLANG_WARN_QUOTED_INCLUDE_IN_FRAMEWORK_HEADER = YES;
				CLANG_WARN_RANGE_LOOP_ANALYSIS = YES;
				CLANG_WARN_STRICT_PROTOTYPES = YES;
				CLANG_WARN_SUSPICIOUS_MOVE = YES;
				CLANG_WARN_UNGUARDED_AVAILABILITY = YES_AGGRESSIVE;
				CLANG_WARN_UNREACHABLE_CODE = YES;
				CLANG_WARN__DUPLICATE_METHOD_MATCH = YES;
				COPY_PHASE_STRIP = NO;
				DEBUG_INFORMATION_FORMAT = dwarf;
				ENABLE_STRICT_OBJC_MSGSEND = YES;
				ENABLE_TESTABILITY = YES;
				GCC_C_LANGUAGE_STANDARD = gnu11;
				GCC_DYNAMIC_NO_PIC = NO;
				GCC_NO_COMMON_BLOCKS = YES;
				GCC_OPTIMIZATION_LEVEL = 0;
				GCC_PREPROCESSOR_DEFINITIONS = (
					"DEBUG=1",
					"$(inherited)",
				);
				GCC_WARN_64_TO_32_BIT_CONVERSION = YES;
				GCC_WARN_ABOUT_RETURN_TYPE = YES_ERROR;
				GCC_WARN_UNDECLARED_SELECTOR = YES;
				GCC_WARN_UNINITIALIZED_AUTOS = YES_AGGRESSIVE;
				GCC_WARN_UNUSED_FUNCTION = YES;
				GCC_WARN_UNUSED_VARIABLE = YES;
				IPHONEOS_DEPLOYMENT_TARGET = 16.1;
				MTL_ENABLE_DEBUG_INFO = INCLUDE_SOURCE;
				MTL_FAST_MATH = YES;
				ONLY_ACTIVE_ARCH = YES;
				SDKROOT = iphoneos;
				SWIFT_ACTIVE_COMPILATION_CONDITIONS = DEBUG;
				SWIFT_OPTIMIZATION_LEVEL = "-Onone";
			};
			name = Debug;
		};
		C4E88BBF29AAE310004AE423 /* Release */ = {
			isa = XCBuildConfiguration;
			buildSettings = {
				ALWAYS_SEARCH_USER_PATHS = NO;
				CLANG_ANALYZER_NONNULL = YES;
				CLANG_ANALYZER_NUMBER_OBJECT_CONVERSION = YES_AGGRESSIVE;
				CLANG_CXX_LANGUAGE_STANDARD = "gnu++20";
				CLANG_ENABLE_MODULES = YES;
				CLANG_ENABLE_OBJC_ARC = YES;
				CLANG_ENABLE_OBJC_WEAK = YES;
				CLANG_WARN_BLOCK_CAPTURE_AUTORELEASING = YES;
				CLANG_WARN_BOOL_CONVERSION = YES;
				CLANG_WARN_COMMA = YES;
				CLANG_WARN_CONSTANT_CONVERSION = YES;
				CLANG_WARN_DEPRECATED_OBJC_IMPLEMENTATIONS = YES;
				CLANG_WARN_DIRECT_OBJC_ISA_USAGE = YES_ERROR;
				CLANG_WARN_DOCUMENTATION_COMMENTS = YES;
				CLANG_WARN_EMPTY_BODY = YES;
				CLANG_WARN_ENUM_CONVERSION = YES;
				CLANG_WARN_INFINITE_RECURSION = YES;
				CLANG_WARN_INT_CONVERSION = YES;
				CLANG_WARN_NON_LITERAL_NULL_CONVERSION = YES;
				CLANG_WARN_OBJC_IMPLICIT_RETAIN_SELF = YES;
				CLANG_WARN_OBJC_LITERAL_CONVERSION = YES;
				CLANG_WARN_OBJC_ROOT_CLASS = YES_ERROR;
				CLANG_WARN_QUOTED_INCLUDE_IN_FRAMEWORK_HEADER = YES;
				CLANG_WARN_RANGE_LOOP_ANALYSIS = YES;
				CLANG_WARN_STRICT_PROTOTYPES = YES;
				CLANG_WARN_SUSPICIOUS_MOVE = YES;
				CLANG_WARN_UNGUARDED_AVAILABILITY = YES_AGGRESSIVE;
				CLANG_WARN_UNREACHABLE_CODE = YES;
				CLANG_WARN__DUPLICATE_METHOD_MATCH = YES;
				COPY_PHASE_STRIP = NO;
				DEBUG_INFORMATION_FORMAT = "dwarf-with-dsym";
				ENABLE_NS_ASSERTIONS = NO;
				ENABLE_STRICT_OBJC_MSGSEND = YES;
				GCC_C_LANGUAGE_STANDARD = gnu11;
				GCC_NO_COMMON_BLOCKS = YES;
				GCC_WARN_64_TO_32_BIT_CONVERSION = YES;
				GCC_WARN_ABOUT_RETURN_TYPE = YES_ERROR;
				GCC_WARN_UNDECLARED_SELECTOR = YES;
				GCC_WARN_UNINITIALIZED_AUTOS = YES_AGGRESSIVE;
				GCC_WARN_UNUSED_FUNCTION = YES;
				GCC_WARN_UNUSED_VARIABLE = YES;
				IPHONEOS_DEPLOYMENT_TARGET = 16.1;
				MTL_ENABLE_DEBUG_INFO = NO;
				MTL_FAST_MATH = YES;
				SDKROOT = iphoneos;
				SWIFT_COMPILATION_MODE = wholemodule;
				SWIFT_OPTIMIZATION_LEVEL = "-O";
				VALIDATE_PRODUCT = YES;
			};
			name = Release;
		};
		C4E88BC129AAE310004AE423 /* Debug */ = {
			isa = XCBuildConfiguration;
			buildSettings = {
				ASSETCATALOG_COMPILER_APPICON_NAME = AppIcon;
				ASSETCATALOG_COMPILER_GLOBAL_ACCENT_COLOR_NAME = AccentColor;
				CODE_SIGN_STYLE = Automatic;
				CURRENT_PROJECT_VERSION = 1;
				DEVELOPMENT_TEAM = Y793T9D4TG;
				GENERATE_INFOPLIST_FILE = YES;
				INFOPLIST_FILE = weatherApp/Info.plist;
				INFOPLIST_KEY_UIApplicationSupportsIndirectInputEvents = YES;
				INFOPLIST_KEY_UILaunchStoryboardName = LaunchScreen;
				INFOPLIST_KEY_UIMainStoryboardFile = Main;
				INFOPLIST_KEY_UISupportedInterfaceOrientations_iPad = "UIInterfaceOrientationPortrait UIInterfaceOrientationPortraitUpsideDown UIInterfaceOrientationLandscapeLeft UIInterfaceOrientationLandscapeRight";
				INFOPLIST_KEY_UISupportedInterfaceOrientations_iPhone = "UIInterfaceOrientationPortrait UIInterfaceOrientationLandscapeLeft UIInterfaceOrientationLandscapeRight";
				LD_RUNPATH_SEARCH_PATHS = (
					"$(inherited)",
					"@executable_path/Frameworks",
				);
				MARKETING_VERSION = 1.0;
				PRODUCT_BUNDLE_IDENTIFIER = com.nareniOS.weatherApp;
				PRODUCT_NAME = "$(TARGET_NAME)";
				SWIFT_EMIT_LOC_STRINGS = YES;
				SWIFT_VERSION = 5.0;
				TARGETED_DEVICE_FAMILY = "1,2";
			};
			name = Debug;
		};
		C4E88BC229AAE310004AE423 /* Release */ = {
			isa = XCBuildConfiguration;
			buildSettings = {
				ASSETCATALOG_COMPILER_APPICON_NAME = AppIcon;
				ASSETCATALOG_COMPILER_GLOBAL_ACCENT_COLOR_NAME = AccentColor;
				CODE_SIGN_STYLE = Automatic;
				CURRENT_PROJECT_VERSION = 1;
				DEVELOPMENT_TEAM = Y793T9D4TG;
				GENERATE_INFOPLIST_FILE = YES;
				INFOPLIST_FILE = weatherApp/Info.plist;
				INFOPLIST_KEY_UIApplicationSupportsIndirectInputEvents = YES;
				INFOPLIST_KEY_UILaunchStoryboardName = LaunchScreen;
				INFOPLIST_KEY_UIMainStoryboardFile = Main;
				INFOPLIST_KEY_UISupportedInterfaceOrientations_iPad = "UIInterfaceOrientationPortrait UIInterfaceOrientationPortraitUpsideDown UIInterfaceOrientationLandscapeLeft UIInterfaceOrientationLandscapeRight";
				INFOPLIST_KEY_UISupportedInterfaceOrientations_iPhone = "UIInterfaceOrientationPortrait UIInterfaceOrientationLandscapeLeft UIInterfaceOrientationLandscapeRight";
				LD_RUNPATH_SEARCH_PATHS = (
					"$(inherited)",
					"@executable_path/Frameworks",
				);
				MARKETING_VERSION = 1.0;
				PRODUCT_BUNDLE_IDENTIFIER = com.nareniOS.weatherApp;
				PRODUCT_NAME = "$(TARGET_NAME)";
				SWIFT_EMIT_LOC_STRINGS = YES;
				SWIFT_VERSION = 5.0;
				TARGETED_DEVICE_FAMILY = "1,2";
			};
			name = Release;
		};
		C4E88BC429AAE310004AE423 /* Debug */ = {
			isa = XCBuildConfiguration;
			buildSettings = {
				ALWAYS_EMBED_SWIFT_STANDARD_LIBRARIES = YES;
				BUNDLE_LOADER = "$(TEST_HOST)";
				CODE_SIGN_STYLE = Automatic;
				CURRENT_PROJECT_VERSION = 1;
				DEVELOPMENT_TEAM = Y793T9D4TG;
				GENERATE_INFOPLIST_FILE = YES;
				IPHONEOS_DEPLOYMENT_TARGET = 16.1;
				MARKETING_VERSION = 1.0;
				PRODUCT_BUNDLE_IDENTIFIER = com.nareniOS.weatherAppTests;
				PRODUCT_NAME = "$(TARGET_NAME)";
				SWIFT_EMIT_LOC_STRINGS = NO;
				SWIFT_VERSION = 5.0;
				TARGETED_DEVICE_FAMILY = "1,2";
				TEST_HOST = "$(BUILT_PRODUCTS_DIR)/weatherApp.app/$(BUNDLE_EXECUTABLE_FOLDER_PATH)/weatherApp";
			};
			name = Debug;
		};
		C4E88BC529AAE310004AE423 /* Release */ = {
			isa = XCBuildConfiguration;
			buildSettings = {
				ALWAYS_EMBED_SWIFT_STANDARD_LIBRARIES = YES;
				BUNDLE_LOADER = "$(TEST_HOST)";
				CODE_SIGN_STYLE = Automatic;
				CURRENT_PROJECT_VERSION = 1;
				DEVELOPMENT_TEAM = Y793T9D4TG;
				GENERATE_INFOPLIST_FILE = YES;
				IPHONEOS_DEPLOYMENT_TARGET = 16.1;
				MARKETING_VERSION = 1.0;
				PRODUCT_BUNDLE_IDENTIFIER = com.nareniOS.weatherAppTests;
				PRODUCT_NAME = "$(TARGET_NAME)";
				SWIFT_EMIT_LOC_STRINGS = NO;
				SWIFT_VERSION = 5.0;
				TARGETED_DEVICE_FAMILY = "1,2";
				TEST_HOST = "$(BUILT_PRODUCTS_DIR)/weatherApp.app/$(BUNDLE_EXECUTABLE_FOLDER_PATH)/weatherApp";
			};
			name = Release;
		};
		C4E88BC729AAE310004AE423 /* Debug */ = {
			isa = XCBuildConfiguration;
			buildSettings = {
				ALWAYS_EMBED_SWIFT_STANDARD_LIBRARIES = YES;
				CODE_SIGN_STYLE = Automatic;
				CURRENT_PROJECT_VERSION = 1;
				DEVELOPMENT_TEAM = Y793T9D4TG;
				GENERATE_INFOPLIST_FILE = YES;
				MARKETING_VERSION = 1.0;
				PRODUCT_BUNDLE_IDENTIFIER = com.nareniOS.weatherAppUITests;
				PRODUCT_NAME = "$(TARGET_NAME)";
				SWIFT_EMIT_LOC_STRINGS = NO;
				SWIFT_VERSION = 5.0;
				TARGETED_DEVICE_FAMILY = "1,2";
				TEST_TARGET_NAME = weatherApp;
			};
			name = Debug;
		};
		C4E88BC829AAE310004AE423 /* Release */ = {
			isa = XCBuildConfiguration;
			buildSettings = {
				ALWAYS_EMBED_SWIFT_STANDARD_LIBRARIES = YES;
				CODE_SIGN_STYLE = Automatic;
				CURRENT_PROJECT_VERSION = 1;
				DEVELOPMENT_TEAM = Y793T9D4TG;
				GENERATE_INFOPLIST_FILE = YES;
				MARKETING_VERSION = 1.0;
				PRODUCT_BUNDLE_IDENTIFIER = com.nareniOS.weatherAppUITests;
				PRODUCT_NAME = "$(TARGET_NAME)";
				SWIFT_EMIT_LOC_STRINGS = NO;
				SWIFT_VERSION = 5.0;
				TARGETED_DEVICE_FAMILY = "1,2";
				TEST_TARGET_NAME = weatherApp;
			};
			name = Release;
		};
/* End XCBuildConfiguration section */

/* Begin XCConfigurationList section */
		C4E88B9129AAE30D004AE423 /* Build configuration list for PBXProject "weatherApp" */ = {
			isa = XCConfigurationList;
			buildConfigurations = (
				C4E88BBE29AAE310004AE423 /* Debug */,
				C4E88BBF29AAE310004AE423 /* Release */,
			);
			defaultConfigurationIsVisible = 0;
			defaultConfigurationName = Release;
		};
		C4E88BC029AAE310004AE423 /* Build configuration list for PBXNativeTarget "weatherApp" */ = {
			isa = XCConfigurationList;
			buildConfigurations = (
				C4E88BC129AAE310004AE423 /* Debug */,
				C4E88BC229AAE310004AE423 /* Release */,
			);
			defaultConfigurationIsVisible = 0;
			defaultConfigurationName = Release;
		};
		C4E88BC329AAE310004AE423 /* Build configuration list for PBXNativeTarget "weatherAppTests" */ = {
			isa = XCConfigurationList;
			buildConfigurations = (
				C4E88BC429AAE310004AE423 /* Debug */,
				C4E88BC529AAE310004AE423 /* Release */,
			);
			defaultConfigurationIsVisible = 0;
			defaultConfigurationName = Release;
		};
		C4E88BC629AAE310004AE423 /* Build configuration list for PBXNativeTarget "weatherAppUITests" */ = {
			isa = XCConfigurationList;
			buildConfigurations = (
				C4E88BC729AAE310004AE423 /* Debug */,
				C4E88BC829AAE310004AE423 /* Release */,
			);
			defaultConfigurationIsVisible = 0;
			defaultConfigurationName = Release;
		};
/* End XCConfigurationList section */
	};
	rootObject = C4E88B8E29AAE30D004AE423 /* Project object */;
}
